// !$*UTF8*$!
{
	archiveVersion = 1;
	classes = {
	};
	objectVersion = 77;
	objects = {

/* Begin PBXBuildFile section */
		B53DECAE2D9D265F001B2C69 /* Localizable.strings in Resources */ = {isa = PBXBuildFile; fileRef = B53DECAC2D9D265F001B2C69 /* Localizable.strings */; };
		B53DECAF2D9D2660001B2C69 /* Localizable.strings in Resources */ = {isa = PBXBuildFile; fileRef = B53DECAC2D9D265F001B2C69 /* Localizable.strings */; };
		B53DECB02D9D2660001B2C69 /* Localizable.strings in Resources */ = {isa = PBXBuildFile; fileRef = B53DECAC2D9D265F001B2C69 /* Localizable.strings */; };
/* End PBXBuildFile section */

/* Begin PBXContainerItemProxy section */
		B53C71682D7B937400079CA9 /* PBXContainerItemProxy */ = {
			isa = PBXContainerItemProxy;
			containerPortal = B53C714F2D7B937200079CA9 /* Project object */;
			proxyType = 1;
			remoteGlobalIDString = B53C71562D7B937200079CA9;
			remoteInfo = "Project Thunder";
		};
		B53C71722D7B937400079CA9 /* PBXContainerItemProxy */ = {
			isa = PBXContainerItemProxy;
			containerPortal = B53C714F2D7B937200079CA9 /* Project object */;
			proxyType = 1;
			remoteGlobalIDString = B53C71562D7B937200079CA9;
			remoteInfo = "Project Thunder";
		};
/* End PBXContainerItemProxy section */

/* Begin PBXFileReference section */
		B53C71572D7B937200079CA9 /* Project Thunder.app */ = {isa = PBXFileReference; explicitFileType = wrapper.application; includeInIndex = 0; path = "Project Thunder.app"; sourceTree = BUILT_PRODUCTS_DIR; };
		B53C71672D7B937400079CA9 /* Project ThunderTests.xctest */ = {isa = PBXFileReference; explicitFileType = wrapper.cfbundle; includeInIndex = 0; path = "Project ThunderTests.xctest"; sourceTree = BUILT_PRODUCTS_DIR; };
		B53C71712D7B937400079CA9 /* Project ThunderUITests.xctest */ = {isa = PBXFileReference; explicitFileType = wrapper.cfbundle; includeInIndex = 0; path = "Project ThunderUITests.xctest"; sourceTree = BUILT_PRODUCTS_DIR; };
		B53DECAD2D9D265F001B2C69 /* en */ = {isa = PBXFileReference; lastKnownFileType = text.plist.strings; name = en; path = en.lproj/Localizable.strings; sourceTree = "<group>"; };
		B53DECB12D9D439F001B2C69 /* tr */ = {isa = PBXFileReference; lastKnownFileType = text.plist.strings; name = tr; path = tr.lproj/Localizable.strings; sourceTree = "<group>"; };
/* End PBXFileReference section */

/* Begin PBXFileSystemSynchronizedRootGroup section */
		B53C71592D7B937200079CA9 /* Project Thunder */ = {
			isa = PBXFileSystemSynchronizedRootGroup;
			path = "Project Thunder";
			sourceTree = "<group>";
		};
		B53C716A2D7B937400079CA9 /* Project ThunderTests */ = {
			isa = PBXFileSystemSynchronizedRootGroup;
			path = "Project ThunderTests";
			sourceTree = "<group>";
		};
		B53C71742D7B937400079CA9 /* Project ThunderUITests */ = {
			isa = PBXFileSystemSynchronizedRootGroup;
			path = "Project ThunderUITests";
			sourceTree = "<group>";
		};
/* End PBXFileSystemSynchronizedRootGroup section */

/* Begin PBXFrameworksBuildPhase section */
		B53C71542D7B937200079CA9 /* Frameworks */ = {
			isa = PBXFrameworksBuildPhase;
			buildActionMask = 2147483647;
			files = (
			);
			runOnlyForDeploymentPostprocessing = 0;
		};
		B53C71642D7B937400079CA9 /* Frameworks */ = {
			isa = PBXFrameworksBuildPhase;
			buildActionMask = 2147483647;
			files = (
			);
			runOnlyForDeploymentPostprocessing = 0;
		};
		B53C716E2D7B937400079CA9 /* Frameworks */ = {
			isa = PBXFrameworksBuildPhase;
			buildActionMask = 2147483647;
			files = (
			);
			runOnlyForDeploymentPostprocessing = 0;
		};
/* End PBXFrameworksBuildPhase section */

/* Begin PBXGroup section */
		B53C714E2D7B937200079CA9 = {
			isa = PBXGroup;
			children = (
				B53DECAC2D9D265F001B2C69 /* Localizable.strings */,
				B53C71592D7B937200079CA9 /* Project Thunder */,
				B53C716A2D7B937400079CA9 /* Project ThunderTests */,
				B53C71742D7B937400079CA9 /* Project ThunderUITests */,
				B53C71582D7B937200079CA9 /* Products */,
			);
			sourceTree = "<group>";
		};
		B53C71582D7B937200079CA9 /* Products */ = {
			isa = PBXGroup;
			children = (
				B53C71572D7B937200079CA9 /* Project Thunder.app */,
				B53C71672D7B937400079CA9 /* Project ThunderTests.xctest */,
				B53C71712D7B937400079CA9 /* Project ThunderUITests.xctest */,
			);
			name = Products;
			sourceTree = "<group>";
		};
/* End PBXGroup section */

/* Begin PBXNativeTarget section */
		B53C71562D7B937200079CA9 /* Project Thunder */ = {
			isa = PBXNativeTarget;
			buildConfigurationList = B53C717B2D7B937400079CA9 /* Build configuration list for PBXNativeTarget "Project Thunder" */;
			buildPhases = (
				B53C71532D7B937200079CA9 /* Sources */,
				B53C71542D7B937200079CA9 /* Frameworks */,
				B53C71552D7B937200079CA9 /* Resources */,
			);
			buildRules = (
			);
			dependencies = (
			);
			fileSystemSynchronizedGroups = (
				B53C71592D7B937200079CA9 /* Project Thunder */,
			);
			name = "Project Thunder";
			packageProductDependencies = (
			);
			productName = "Project Thunder";
			productReference = B53C71572D7B937200079CA9 /* Project Thunder.app */;
			productType = "com.apple.product-type.application";
		};
		B53C71662D7B937400079CA9 /* Project ThunderTests */ = {
			isa = PBXNativeTarget;
			buildConfigurationList = B53C717E2D7B937400079CA9 /* Build configuration list for PBXNativeTarget "Project ThunderTests" */;
			buildPhases = (
				B53C71632D7B937400079CA9 /* Sources */,
				B53C71642D7B937400079CA9 /* Frameworks */,
				B53C71652D7B937400079CA9 /* Resources */,
			);
			buildRules = (
			);
			dependencies = (
				B53C71692D7B937400079CA9 /* PBXTargetDependency */,
			);
			fileSystemSynchronizedGroups = (
				B53C716A2D7B937400079CA9 /* Project ThunderTests */,
			);
			name = "Project ThunderTests";
			packageProductDependencies = (
			);
			productName = "Project ThunderTests";
			productReference = B53C71672D7B937400079CA9 /* Project ThunderTests.xctest */;
			productType = "com.apple.product-type.bundle.unit-test";
		};
		B53C71702D7B937400079CA9 /* Project ThunderUITests */ = {
			isa = PBXNativeTarget;
			buildConfigurationList = B53C71812D7B937400079CA9 /* Build configuration list for PBXNativeTarget "Project ThunderUITests" */;
			buildPhases = (
				B53C716D2D7B937400079CA9 /* Sources */,
				B53C716E2D7B937400079CA9 /* Frameworks */,
				B53C716F2D7B937400079CA9 /* Resources */,
			);
			buildRules = (
			);
			dependencies = (
				B53C71732D7B937400079CA9 /* PBXTargetDependency */,
			);
			fileSystemSynchronizedGroups = (
				B53C71742D7B937400079CA9 /* Project ThunderUITests */,
			);
			name = "Project ThunderUITests";
			packageProductDependencies = (
			);
			productName = "Project ThunderUITests";
			productReference = B53C71712D7B937400079CA9 /* Project ThunderUITests.xctest */;
			productType = "com.apple.product-type.bundle.ui-testing";
		};
/* End PBXNativeTarget section */

/* Begin PBXProject section */
		B53C714F2D7B937200079CA9 /* Project object */ = {
			isa = PBXProject;
			attributes = {
				BuildIndependentTargetsInParallel = 1;
				LastSwiftUpdateCheck = 1620;
				LastUpgradeCheck = 1620;
				TargetAttributes = {
					B53C71562D7B937200079CA9 = {
						CreatedOnToolsVersion = 16.2;
					};
					B53C71662D7B937400079CA9 = {
						CreatedOnToolsVersion = 16.2;
						TestTargetID = B53C71562D7B937200079CA9;
					};
					B53C71702D7B937400079CA9 = {
						CreatedOnToolsVersion = 16.2;
						TestTargetID = B53C71562D7B937200079CA9;
					};
				};
			};
			buildConfigurationList = B53C71522D7B937200079CA9 /* Build configuration list for PBXProject "Project Thunder" */;
			developmentRegion = tr;
			hasScannedForEncodings = 0;
			knownRegions = (
				en,
				Base,
				tr,
			);
			mainGroup = B53C714E2D7B937200079CA9;
			minimizedProjectReferenceProxies = 1;
			preferredProjectObjectVersion = 77;
			productRefGroup = B53C71582D7B937200079CA9 /* Products */;
			projectDirPath = "";
			projectRoot = "";
			targets = (
				B53C71562D7B937200079CA9 /* Project Thunder */,
				B53C71662D7B937400079CA9 /* Project ThunderTests */,
				B53C71702D7B937400079CA9 /* Project ThunderUITests */,
			);
		};
/* End PBXProject section */

/* Begin PBXResourcesBuildPhase section */
		B53C71552D7B937200079CA9 /* Resources */ = {
			isa = PBXResourcesBuildPhase;
			buildActionMask = 2147483647;
			files = (
				B53DECAE2D9D265F001B2C69 /* Localizable.strings in Resources */,
			);
			runOnlyForDeploymentPostprocessing = 0;
		};
		B53C71652D7B937400079CA9 /* Resources */ = {
			isa = PBXResourcesBuildPhase;
			buildActionMask = 2147483647;
			files = (
				B53DECAF2D9D2660001B2C69 /* Localizable.strings in Resources */,
			);
			runOnlyForDeploymentPostprocessing = 0;
		};
		B53C716F2D7B937400079CA9 /* Resources */ = {
			isa = PBXResourcesBuildPhase;
			buildActionMask = 2147483647;
			files = (
				B53DECB02D9D2660001B2C69 /* Localizable.strings in Resources */,
			);
			runOnlyForDeploymentPostprocessing = 0;
		};
/* End PBXResourcesBuildPhase section */

/* Begin PBXSourcesBuildPhase section */
		B53C71532D7B937200079CA9 /* Sources */ = {
			isa = PBXSourcesBuildPhase;
			buildActionMask = 2147483647;
			files = (
			);
			runOnlyForDeploymentPostprocessing = 0;
		};
		B53C71632D7B937400079CA9 /* Sources */ = {
			isa = PBXSourcesBuildPhase;
			buildActionMask = 2147483647;
			files = (
			);
			runOnlyForDeploymentPostprocessing = 0;
		};
		B53C716D2D7B937400079CA9 /* Sources */ = {
			isa = PBXSourcesBuildPhase;
			buildActionMask = 2147483647;
			files = (
			);
			runOnlyForDeploymentPostprocessing = 0;
		};
/* End PBXSourcesBuildPhase section */

/* Begin PBXTargetDependency section */
		B53C71692D7B937400079CA9 /* PBXTargetDependency */ = {
			isa = PBXTargetDependency;
			target = B53C71562D7B937200079CA9 /* Project Thunder */;
			targetProxy = B53C71682D7B937400079CA9 /* PBXContainerItemProxy */;
		};
		B53C71732D7B937400079CA9 /* PBXTargetDependency */ = {
			isa = PBXTargetDependency;
			target = B53C71562D7B937200079CA9 /* Project Thunder */;
			targetProxy = B53C71722D7B937400079CA9 /* PBXContainerItemProxy */;
		};
/* End PBXTargetDependency section */

/* Begin PBXVariantGroup section */
		B53DECAC2D9D265F001B2C69 /* Localizable.strings */ = {
			isa = PBXVariantGroup;
			children = (
				B53DECAD2D9D265F001B2C69 /* en */,
				B53DECB12D9D439F001B2C69 /* tr */,
			);
			name = Localizable.strings;
			sourceTree = "<group>";
		};
/* End PBXVariantGroup section */

/* Begin XCBuildConfiguration section */
		B53C71792D7B937400079CA9 /* Debug */ = {
			isa = XCBuildConfiguration;
			buildSettings = {
				ALWAYS_SEARCH_USER_PATHS = NO;
				ASSETCATALOG_COMPILER_GENERATE_SWIFT_ASSET_SYMBOL_EXTENSIONS = YES;
				CLANG_ANALYZER_LOCALIZABILITY_NONLOCALIZED = YES;
				CLANG_ANALYZER_NONNULL = YES;
				CLANG_ANALYZER_NUMBER_OBJECT_CONVERSION = YES_AGGRESSIVE;
				CLANG_CXX_LANGUAGE_STANDARD = "gnu++20";
				CLANG_ENABLE_MODULES = YES;
				CLANG_ENABLE_OBJC_ARC = YES;
				CLANG_ENABLE_OBJC_WEAK = YES;
				CLANG_WARN_BLOCK_CAPTURE_AUTORELEASING = YES;
				CLANG_WARN_BOOL_CONVERSION = YES;
				CLANG_WARN_COMMA = YES;
				CLANG_WARN_CONSTANT_CONVERSION = YES;
				CLANG_WARN_DEPRECATED_OBJC_IMPLEMENTATIONS = YES;
				CLANG_WARN_DIRECT_OBJC_ISA_USAGE = YES_ERROR;
				CLANG_WARN_DOCUMENTATION_COMMENTS = YES;
				CLANG_WARN_EMPTY_BODY = YES;
				CLANG_WARN_ENUM_CONVERSION = YES;
				CLANG_WARN_INFINITE_RECURSION = YES;
				CLANG_WARN_INT_CONVERSION = YES;
				CLANG_WARN_NON_LITERAL_NULL_CONVERSION = YES;
				CLANG_WARN_OBJC_IMPLICIT_RETAIN_SELF = YES;
				CLANG_WARN_OBJC_LITERAL_CONVERSION = YES;
				CLANG_WARN_OBJC_ROOT_CLASS = YES_ERROR;
				CLANG_WARN_QUOTED_INCLUDE_IN_FRAMEWORK_HEADER = YES;
				CLANG_WARN_RANGE_LOOP_ANALYSIS = YES;
				CLANG_WARN_STRICT_PROTOTYPES = YES;
				CLANG_WARN_SUSPICIOUS_MOVE = YES;
				CLANG_WARN_UNGUARDED_AVAILABILITY = YES_AGGRESSIVE;
				CLANG_WARN_UNREACHABLE_CODE = YES;
				CLANG_WARN__DUPLICATE_METHOD_MATCH = YES;
				COPY_PHASE_STRIP = NO;
				DEBUG_INFORMATION_FORMAT = dwarf;
				ENABLE_STRICT_OBJC_MSGSEND = YES;
				ENABLE_TESTABILITY = YES;
				ENABLE_USER_SCRIPT_SANDBOXING = YES;
				GCC_C_LANGUAGE_STANDARD = gnu17;
				GCC_DYNAMIC_NO_PIC = NO;
				GCC_NO_COMMON_BLOCKS = YES;
				GCC_OPTIMIZATION_LEVEL = 0;
				GCC_PREPROCESSOR_DEFINITIONS = (
					"DEBUG=1",
					"$(inherited)",
				);
				GCC_WARN_64_TO_32_BIT_CONVERSION = YES;
				GCC_WARN_ABOUT_RETURN_TYPE = YES_ERROR;
				GCC_WARN_UNDECLARED_SELECTOR = YES;
				GCC_WARN_UNINITIALIZED_AUTOS = YES_AGGRESSIVE;
				GCC_WARN_UNUSED_FUNCTION = YES;
				GCC_WARN_UNUSED_VARIABLE = YES;
				IPHONEOS_DEPLOYMENT_TARGET = 18.2;
				LOCALIZATION_PREFERS_STRING_CATALOGS = YES;
				MTL_ENABLE_DEBUG_INFO = INCLUDE_SOURCE;
				MTL_FAST_MATH = YES;
				ONLY_ACTIVE_ARCH = YES;
				SDKROOT = iphoneos;
				SWIFT_ACTIVE_COMPILATION_CONDITIONS = "DEBUG $(inherited)";
				SWIFT_OPTIMIZATION_LEVEL = "-Onone";
			};
			name = Debug;
		};
		B53C717A2D7B937400079CA9 /* Release */ = {
			isa = XCBuildConfiguration;
			buildSettings = {
				ALWAYS_SEARCH_USER_PATHS = NO;
				ASSETCATALOG_COMPILER_GENERATE_SWIFT_ASSET_SYMBOL_EXTENSIONS = YES;
				CLANG_ANALYZER_LOCALIZABILITY_NONLOCALIZED = YES;
				CLANG_ANALYZER_NONNULL = YES;
				CLANG_ANALYZER_NUMBER_OBJECT_CONVERSION = YES_AGGRESSIVE;
				CLANG_CXX_LANGUAGE_STANDARD = "gnu++20";
				CLANG_ENABLE_MODULES = YES;
				CLANG_ENABLE_OBJC_ARC = YES;
				CLANG_ENABLE_OBJC_WEAK = YES;
				CLANG_WARN_BLOCK_CAPTURE_AUTORELEASING = YES;
				CLANG_WARN_BOOL_CONVERSION = YES;
				CLANG_WARN_COMMA = YES;
				CLANG_WARN_CONSTANT_CONVERSION = YES;
				CLANG_WARN_DEPRECATED_OBJC_IMPLEMENTATIONS = YES;
				CLANG_WARN_DIRECT_OBJC_ISA_USAGE = YES_ERROR;
				CLANG_WARN_DOCUMENTATION_COMMENTS = YES;
				CLANG_WARN_EMPTY_BODY = YES;
				CLANG_WARN_ENUM_CONVERSION = YES;
				CLANG_WARN_INFINITE_RECURSION = YES;
				CLANG_WARN_INT_CONVERSION = YES;
				CLANG_WARN_NON_LITERAL_NULL_CONVERSION = YES;
				CLANG_WARN_OBJC_IMPLICIT_RETAIN_SELF = YES;
				CLANG_WARN_OBJC_LITERAL_CONVERSION = YES;
				CLANG_WARN_OBJC_ROOT_CLASS = YES_ERROR;
				CLANG_WARN_QUOTED_INCLUDE_IN_FRAMEWORK_HEADER = YES;
				CLANG_WARN_RANGE_LOOP_ANALYSIS = YES;
				CLANG_WARN_STRICT_PROTOTYPES = YES;
				CLANG_WARN_SUSPICIOUS_MOVE = YES;
				CLANG_WARN_UNGUARDED_AVAILABILITY = YES_AGGRESSIVE;
				CLANG_WARN_UNREACHABLE_CODE = YES;
				CLANG_WARN__DUPLICATE_METHOD_MATCH = YES;
				COPY_PHASE_STRIP = NO;
				DEBUG_INFORMATION_FORMAT = "dwarf-with-dsym";
				ENABLE_NS_ASSERTIONS = NO;
				ENABLE_STRICT_OBJC_MSGSEND = YES;
				ENABLE_USER_SCRIPT_SANDBOXING = YES;
				GCC_C_LANGUAGE_STANDARD = gnu17;
				GCC_NO_COMMON_BLOCKS = YES;
				GCC_WARN_64_TO_32_BIT_CONVERSION = YES;
				GCC_WARN_ABOUT_RETURN_TYPE = YES_ERROR;
				GCC_WARN_UNDECLARED_SELECTOR = YES;
				GCC_WARN_UNINITIALIZED_AUTOS = YES_AGGRESSIVE;
				GCC_WARN_UNUSED_FUNCTION = YES;
				GCC_WARN_UNUSED_VARIABLE = YES;
				IPHONEOS_DEPLOYMENT_TARGET = 18.2;
				LOCALIZATION_PREFERS_STRING_CATALOGS = YES;
				MTL_ENABLE_DEBUG_INFO = NO;
				MTL_FAST_MATH = YES;
				SDKROOT = iphoneos;
				SWIFT_COMPILATION_MODE = wholemodule;
				VALIDATE_PRODUCT = YES;
			};
			name = Release;
		};
		B53C717C2D7B937400079CA9 /* Debug */ = {
			isa = XCBuildConfiguration;
			buildSettings = {
				ASSETCATALOG_COMPILER_APPICON_NAME = AppIcon;
				ASSETCATALOG_COMPILER_GLOBAL_ACCENT_COLOR_NAME = AccentColor;
				CODE_SIGN_STYLE = Automatic;
				CURRENT_PROJECT_VERSION = 1;
				DEVELOPMENT_ASSET_PATHS = "\"Project Thunder/Preview Content\"";
				DEVELOPMENT_TEAM = F98A7Y9Q35;
				ENABLE_PREVIEWS = YES;
				GENERATE_INFOPLIST_FILE = YES;
				INFOPLIST_KEY_UIApplicationSceneManifest_Generation = YES;
				INFOPLIST_KEY_UIApplicationSupportsIndirectInputEvents = YES;
				INFOPLIST_KEY_UILaunchScreen_Generation = YES;
				INFOPLIST_KEY_UISupportedInterfaceOrientations_iPad = "UIInterfaceOrientationPortrait UIInterfaceOrientationPortraitUpsideDown UIInterfaceOrientationLandscapeLeft UIInterfaceOrientationLandscapeRight";
				INFOPLIST_KEY_UISupportedInterfaceOrientations_iPhone = "UIInterfaceOrientationPortrait UIInterfaceOrientationLandscapeLeft UIInterfaceOrientationLandscapeRight";
				LD_RUNPATH_SEARCH_PATHS = (
					"$(inherited)",
					"@executable_path/Frameworks",
				);
				MARKETING_VERSION = 1.0;
				PRODUCT_BUNDLE_IDENTIFIER = "indis-anarion.Project-Thunder";
				PRODUCT_NAME = "$(TARGET_NAME)";
				SWIFT_EMIT_LOC_STRINGS = YES;
				SWIFT_VERSION = 5.0;
				TARGETED_DEVICE_FAMILY = "1,2";
			};
			name = Debug;
		};
		B53C717D2D7B937400079CA9 /* Release */ = {
			isa = XCBuildConfiguration;
			buildSettings = {
				ASSETCATALOG_COMPILER_APPICON_NAME = AppIcon;
				ASSETCATALOG_COMPILER_GLOBAL_ACCENT_COLOR_NAME = AccentColor;
				CODE_SIGN_STYLE = Automatic;
				CURRENT_PROJECT_VERSION = 1;
				DEVELOPMENT_ASSET_PATHS = "\"Project Thunder/Preview Content\"";
				DEVELOPMENT_TEAM = F98A7Y9Q35;
				ENABLE_PREVIEWS = YES;
				GENERATE_INFOPLIST_FILE = YES;
				INFOPLIST_KEY_UIApplicationSceneManifest_Generation = YES;
				INFOPLIST_KEY_UIApplicationSupportsIndirectInputEvents = YES;
				INFOPLIST_KEY_UILaunchScreen_Generation = YES;
				INFOPLIST_KEY_UISupportedInterfaceOrientations_iPad = "UIInterfaceOrientationPortrait UIInterfaceOrientationPortraitUpsideDown UIInterfaceOrientationLandscapeLeft UIInterfaceOrientationLandscapeRight";
				INFOPLIST_KEY_UISupportedInterfaceOrientations_iPhone = "UIInterfaceOrientationPortrait UIInterfaceOrientationLandscapeLeft UIInterfaceOrientationLandscapeRight";
				LD_RUNPATH_SEARCH_PATHS = (
					"$(inherited)",
					"@executable_path/Frameworks",
				);
				MARKETING_VERSION = 1.0;
				PRODUCT_BUNDLE_IDENTIFIER = "indis-anarion.Project-Thunder";
				PRODUCT_NAME = "$(TARGET_NAME)";
				SWIFT_EMIT_LOC_STRINGS = YES;
				SWIFT_VERSION = 5.0;
				TARGETED_DEVICE_FAMILY = "1,2";
			};
			name = Release;
		};
		B53C717F2D7B937400079CA9 /* Debug */ = {
			isa = XCBuildConfiguration;
			buildSettings = {
				BUNDLE_LOADER = "$(TEST_HOST)";
				CODE_SIGN_STYLE = Automatic;
				CURRENT_PROJECT_VERSION = 1;
				DEVELOPMENT_TEAM = F98A7Y9Q35;
				GENERATE_INFOPLIST_FILE = YES;
				IPHONEOS_DEPLOYMENT_TARGET = 18.2;
				MARKETING_VERSION = 1.0;
				PRODUCT_BUNDLE_IDENTIFIER = "indis-anarion.Project-ThunderTests";
				PRODUCT_NAME = "$(TARGET_NAME)";
				SWIFT_EMIT_LOC_STRINGS = NO;
				SWIFT_VERSION = 5.0;
				TARGETED_DEVICE_FAMILY = "1,2";
				TEST_HOST = "$(BUILT_PRODUCTS_DIR)/Project Thunder.app/$(BUNDLE_EXECUTABLE_FOLDER_PATH)/Project Thunder";
			};
			name = Debug;
		};
		B53C71802D7B937400079CA9 /* Release */ = {
			isa = XCBuildConfiguration;
			buildSettings = {
				BUNDLE_LOADER = "$(TEST_HOST)";
				CODE_SIGN_STYLE = Automatic;
				CURRENT_PROJECT_VERSION = 1;
				DEVELOPMENT_TEAM = F98A7Y9Q35;
				GENERATE_INFOPLIST_FILE = YES;
				IPHONEOS_DEPLOYMENT_TARGET = 18.2;
				MARKETING_VERSION = 1.0;
				PRODUCT_BUNDLE_IDENTIFIER = "indis-anarion.Project-ThunderTests";
				PRODUCT_NAME = "$(TARGET_NAME)";
				SWIFT_EMIT_LOC_STRINGS = NO;
				SWIFT_VERSION = 5.0;
				TARGETED_DEVICE_FAMILY = "1,2";
				TEST_HOST = "$(BUILT_PRODUCTS_DIR)/Project Thunder.app/$(BUNDLE_EXECUTABLE_FOLDER_PATH)/Project Thunder";
			};
			name = Release;
		};
		B53C71822D7B937400079CA9 /* Debug */ = {
			isa = XCBuildConfiguration;
			buildSettings = {
				CODE_SIGN_STYLE = Automatic;
				CURRENT_PROJECT_VERSION = 1;
				DEVELOPMENT_TEAM = F98A7Y9Q35;
				GENERATE_INFOPLIST_FILE = YES;
				MARKETING_VERSION = 1.0;
				PRODUCT_BUNDLE_IDENTIFIER = "indis-anarion.Project-ThunderUITests";
				PRODUCT_NAME = "$(TARGET_NAME)";
				SWIFT_EMIT_LOC_STRINGS = NO;
				SWIFT_VERSION = 5.0;
				TARGETED_DEVICE_FAMILY = "1,2";
				TEST_TARGET_NAME = "Project Thunder";
			};
			name = Debug;
		};
		B53C71832D7B937400079CA9 /* Release */ = {
			isa = XCBuildConfiguration;
			buildSettings = {
				CODE_SIGN_STYLE = Automatic;
				CURRENT_PROJECT_VERSION = 1;
				DEVELOPMENT_TEAM = F98A7Y9Q35;
				GENERATE_INFOPLIST_FILE = YES;
				MARKETING_VERSION = 1.0;
				PRODUCT_BUNDLE_IDENTIFIER = "indis-anarion.Project-ThunderUITests";
				PRODUCT_NAME = "$(TARGET_NAME)";
				SWIFT_EMIT_LOC_STRINGS = NO;
				SWIFT_VERSION = 5.0;
				TARGETED_DEVICE_FAMILY = "1,2";
				TEST_TARGET_NAME = "Project Thunder";
			};
			name = Release;
		};
/* End XCBuildConfiguration section */

/* Begin XCConfigurationList section */
		B53C71522D7B937200079CA9 /* Build configuration list for PBXProject "Project Thunder" */ = {
			isa = XCConfigurationList;
			buildConfigurations = (
				B53C71792D7B937400079CA9 /* Debug */,
				B53C717A2D7B937400079CA9 /* Release */,
			);
			defaultConfigurationIsVisible = 0;
			defaultConfigurationName = Release;
		};
		B53C717B2D7B937400079CA9 /* Build configuration list for PBXNativeTarget "Project Thunder" */ = {
			isa = XCConfigurationList;
			buildConfigurations = (
				B53C717C2D7B937400079CA9 /* Debug */,
				B53C717D2D7B937400079CA9 /* Release */,
			);
			defaultConfigurationIsVisible = 0;
			defaultConfigurationName = Release;
		};
		B53C717E2D7B937400079CA9 /* Build configuration list for PBXNativeTarget "Project ThunderTests" */ = {
			isa = XCConfigurationList;
			buildConfigurations = (
				B53C717F2D7B937400079CA9 /* Debug */,
				B53C71802D7B937400079CA9 /* Release */,
			);
			defaultConfigurationIsVisible = 0;
			defaultConfigurationName = Release;
		};
		B53C71812D7B937400079CA9 /* Build configuration list for PBXNativeTarget "Project ThunderUITests" */ = {
			isa = XCConfigurationList;
			buildConfigurations = (
				B53C71822D7B937400079CA9 /* Debug */,
				B53C71832D7B937400079CA9 /* Release */,
			);
			defaultConfigurationIsVisible = 0;
			defaultConfigurationName = Release;
		};
/* End XCConfigurationList section */
	};
	rootObject = B53C714F2D7B937200079CA9 /* Project object */;
}
